
Microsoft Visual Studio Solution File, Format Version 12.00
# Visual Studio Version 17
VisualStudioVersion = 17.1.32421.90
MinimumVisualStudioVersion = 10.0.40219.1
Project("{9A19103F-16F7-4668-BE54-9A1E7A4F7556}") = "Damajatek", "Damajatek\Damajatek.csproj", "{DB453734-09C1-47BA-9CBE-501E45E0D47C}"
EndProject
Project("{2150E333-8FDC-42A3-9474-1A3956D46DE8}") = "Solution Items", "Solution Items", "{8E2E9A59-DD35-4557-9C35-4F3EBBC82B79}"
	ProjectSection(SolutionItems) = preProject
		.editorconfig = .editorconfig
	EndProjectSection
EndProject
Global
	GlobalSection(SolutionConfigurationPlatforms) = preSolution
		Debug|Any CPU = Debug|Any CPU
		Release|Any CPU = Release|Any CPU
	EndGlobalSection
	GlobalSection(ProjectConfigurationPlatforms) = postSolution
		{DB453734-09C1-47BA-9CBE-501E45E0D47C}.Debug|Any CPU.ActiveCfg = Debug|Any CPU
		{DB453734-09C1-47BA-9CBE-501E45E0D47C}.Debug|Any CPU.Build.0 = Debug|Any CPU
		{DB453734-09C1-47BA-9CBE-501E45E0D47C}.Release|Any CPU.ActiveCfg = Release|Any CPU
		{DB453734-09C1-47BA-9CBE-501E45E0D47C}.Release|Any CPU.Build.0 = Release|Any CPU
	EndGlobalSection
	GlobalSection(SolutionProperties) = preSolution
		HideSolutionNode = FALSE
	EndGlobalSection
	GlobalSection(ExtensibilityGlobals) = postSolution
		SolutionGuid = {22CD025D-65B2-4B86-A5D2-28100C52E7E0}
	EndGlobalSection
EndGlobal
